
Microsoft Visual Studio Solution File, Format Version 12.00
# Visual Studio Version 17
VisualStudioVersion = 17.10.34902.84
MinimumVisualStudioVersion = 10.0.40219.1
Project("{FAE04EC0-301F-11D3-BF4B-00C04F79EFBC}") = "ConsoleApp4", "ConsoleApp4\ConsoleApp4.csproj", "{1D2DA7B7-071B-48A2-8361-B20CD46FCEED}"
EndProject
Global
	GlobalSection(SolutionConfigurationPlatforms) = preSolution
		Debug|Any CPU = Debug|Any CPU
		Release|Any CPU = Release|Any CPU
	EndGlobalSection
	GlobalSection(ProjectConfigurationPlatforms) = postSolution
		{1D2DA7B7-071B-48A2-8361-B20CD46FCEED}.Debug|Any CPU.ActiveCfg = Debug|Any CPU
		{1D2DA7B7-071B-48A2-8361-B20CD46FCEED}.Debug|Any CPU.Build.0 = Debug|Any CPU
		{1D2DA7B7-071B-48A2-8361-B20CD46FCEED}.Release|Any CPU.ActiveCfg = Release|Any CPU
		{1D2DA7B7-071B-48A2-8361-B20CD46FCEED}.Release|Any CPU.Build.0 = Release|Any CPU
	EndGlobalSection
	GlobalSection(SolutionProperties) = preSolution
		HideSolutionNode = FALSE
	EndGlobalSection
	GlobalSection(ExtensibilityGlobals) = postSolution
		SolutionGuid = {7CA3C010-4EB8-4450-88C1-CB1B22F92F09}
	EndGlobalSection
EndGlobal
